{
	"name": "@penskemediacorp/larva-css-algorithms",
	"version": "1.3.1-alpha.0",
	"lockfileVersion": 1,
	"requires": true,
	"dependencies": {
		"css-utilities": {
			"version": "2.0.4",
			"resolved": "https://registry.npmjs.org/css-utilities/-/css-utilities-2.0.4.tgz",
			"integrity": "sha1-LIMGLQqJaCMPnFpAxxZVFP31rrY=",
			"dev": true
		}
	}
}
