{
  "name": "@penskemediacorp/larva-patterns",
  "version": "1.40.1",
  "lockfileVersion": 1,
  "requires": true,
  "dependencies": {
    "@penskemediacorp/larva-css": {
      "version": "1.41.0",
      "resolved": "https://registry.npmjs.org/@penskemediacorp/larva-css/-/larva-css-1.41.0.tgz",
      "integrity": "sha512-i84BBPS8+hFzgrPAxyrYgaQaVw5XZQ3jcKuDEGBl1HIfdE3MD3na6pYst1uMqOuFOiM3QTmyTyKC98mMvaa5JQ=="
    },
    "@penskemediacorp/larva-js": {
      "version": "6.4.0",
      "resolved": "https://registry.npmjs.org/@penskemediacorp/larva-js/-/larva-js-6.4.0.tgz",
      "integrity": "sha512-7hm1Gb1hGmY33T2D8Hxgppl5E6I1qyGa2wzqVjz1l1a4yHAqc11NBk2uj+jOfbRrZMXoHwl2HXvbPV/EeJSeDw==",
      "requires": {
        "@penskemediacorp/larva-css": "^6.4.0"
      },
      "dependencies": {
        "@penskemediacorp/larva-css": {
          "version": "6.4.0",
          "resolved": "https://registry.npmjs.org/@penskemediacorp/larva-css/-/larva-css-6.4.0.tgz",
          "integrity": "sha512-ZKoh+2VdkdTA8o5JlOZTwFaXttlPGqbaBQlnWZ70Go6nOdakWiUUx+g0syFlvd1N4Jv3poSQILSihypFv496Sg=="
        }
      }
    },
    "@penskemediacorp/larva-svg": {
      "version": "1.28.0",
      "resolved": "https://registry.npmjs.org/@penskemediacorp/larva-svg/-/larva-svg-1.28.0.tgz",
      "integrity": "sha512-OrV7kE63CCkB2HIQxIGbQnOrPM3bZO1Anavz5J0Xq4jXMPi490qKvmwRnH+p4+1svSlZY2uesfyvyAeng2K/cg=="
    },
    "lodash.clonedeep": {
      "version": "4.5.0",
      "resolved": "https://registry.npmjs.org/lodash.clonedeep/-/lodash.clonedeep-4.5.0.tgz",
      "integrity": "sha1-4j8/nE+Pvd6HJSnBBxhXoIblzO8="
    }
  }
}
