{
  "name": "@penskemediacorp/larva-patterns",
  "version": "1.51.0",
  "lockfileVersion": 1,
  "requires": true,
  "dependencies": {
    "@penskemediacorp/larva-css": {
      "version": "1.51.0",
      "resolved": "https://registry.npmjs.org/@penskemediacorp/larva-css/-/larva-css-1.51.0.tgz",
      "integrity": "sha512-mb+zUlceXYHNLeJccH8lhTOl7MaCKrAJ2Altv1koVcR5B1HenirkuRhxarCZ3ryryPZwPTT5gU5PmA4Oi7tCUQ=="
    },
    "@penskemediacorp/larva-js": {
      "version": "6.4.0",
      "resolved": "https://registry.npmjs.org/@penskemediacorp/larva-js/-/larva-js-6.4.0.tgz",
      "integrity": "sha512-7hm1Gb1hGmY33T2D8Hxgppl5E6I1qyGa2wzqVjz1l1a4yHAqc11NBk2uj+jOfbRrZMXoHwl2HXvbPV/EeJSeDw==",
      "requires": {
        "@penskemediacorp/larva-css": "^6.4.0"
      },
      "dependencies": {
        "@penskemediacorp/larva-css": {
          "version": "6.4.0",
          "resolved": "https://registry.npmjs.org/@penskemediacorp/larva-css/-/larva-css-6.4.0.tgz",
          "integrity": "sha512-ZKoh+2VdkdTA8o5JlOZTwFaXttlPGqbaBQlnWZ70Go6nOdakWiUUx+g0syFlvd1N4Jv3poSQILSihypFv496Sg=="
        }
      }
    },
    "@penskemediacorp/larva-svg": {
      "version": "1.51.0",
      "resolved": "https://registry.npmjs.org/@penskemediacorp/larva-svg/-/larva-svg-1.51.0.tgz",
      "integrity": "sha512-lo1V38UsFdQP4g31LTYZNJE4rthT+a67JoLFmypo75lTKDjER2HZ0FLnYsQXxKDAncfPQnp0zuo4cHS4ME267Q=="
    },
    "lodash.clonedeep": {
      "version": "4.5.0",
      "resolved": "https://registry.npmjs.org/lodash.clonedeep/-/lodash.clonedeep-4.5.0.tgz",
      "integrity": "sha1-4j8/nE+Pvd6HJSnBBxhXoIblzO8="
    }
  }
}
